{
  "nodes": {
    "fenix": {
      "inputs": {
        "nixpkgs": [
          "nixpkgs"
        ],
        "rust-analyzer-src": "rust-analyzer-src"
      },
      "locked": {
        "lastModified": 1789557184,
        "narHash": "sha256-tT2QvXeGhjViqqYNKyUZdRex9a1Qcq9jPSTKJbANPEQ=",
        "owner": "nix-community",
        "repo": "fenix",
        "rev": "3887816a415b766267233824830c5e05b25f5dcf",
        "type": "github"
      },
      "original": {
        "owner": "nix-community",
        "repo": "fenix",
        "type": "github"
      }
    },
    "nixpkgs": {
      "locked": {
        "lastModified": 1789426278,
        "narHash": "sha256-LMzzTWExGdJ1S8U3IP5egkZEtyMswAwYowTAxIlkEZs=",
        "rev": "efe6f071ede9d21c37462d2d6682d5e670099684",
        "type": "tarball",
        "url": "https://releases.nixos.org/nixos/unstable/nixos-26.11pre1074086.efe6f071ede9/nixexprs.tar.zst?lastModified=1789426278&rev=efe6f071ede9d21c37462d2d6682d5e670099684"
      },
      "original": {
        "type": "tarball",
        "url": "https://channels.nixos.org/nixos-unstable/nixexprs.tar.zst"
      }
    },
    "root": {
      "inputs": {
        "fenix": "fenix",
        "nixpkgs": "nixpkgs"
      }
    },
    "rust-analyzer-src": {
      "flake": false,
      "locked": {
        "lastModified": 1789506595,
        "narHash": "sha256-YCeFChL7C5GWwnped2TXDjxfwa5MhlqRzq8De2lMat0=",
        "owner": "rust-lang",
        "repo": "rust-analyzer",
        "rev": "fa88768e772857f332bc8383e3a1c5a4212f9a6e",
        "type": "github"
      },
      "original": {
        "owner": "rust-lang",
        "ref": "nightly",
        "repo": "rust-analyzer",
        "type": "github"
      }
    }
  },
  "root": "root",
  "version": 7
}
